
Microsoft Visual Studio Solution File, Format Version 12.00
# Visual Studio 2012
Project("{FAE04EC0-301F-11D3-BF4B-00C04F79EFBC}") = "SuperCalculator", "SuperCalculator.csproj", "{7E2DE52B-9487-4F60-8CA4-32596BAD34F9}"
EndProject
Project("{FAE04EC0-301F-11D3-BF4B-00C04F79EFBC}") = "Basic", "Basic\Basic.csproj", "{6FD7ECF8-BDAA-440B-A05B-099B852D3F39}"
EndProject
Project("{FAE04EC0-301F-11D3-BF4B-00C04F79EFBC}") = "Command", "Command\Command.csproj", "{96DD8AFA-66CD-42E5-B383-631B0F38BBC5}"
EndProject
Project("{FAE04EC0-301F-11D3-BF4B-00C04F79EFBC}") = "Trigonometric", "Trigonometric\Trigonometric.csproj", "{14FB05CD-DB30-488B-8B78-2AA21BD35B74}"
EndProject
Project("{FAE04EC0-301F-11D3-BF4B-00C04F79EFBC}") = "Extended", "Extended\Extended.csproj", "{079FB76E-A81A-4905-A3C2-1B2CFD33EA7F}"
EndProject
Project("{FAE04EC0-301F-11D3-BF4B-00C04F79EFBC}") = "Deriv", "Deriv\Deriv.csproj", "{04D74AAA-B43B-4B37-AAC5-1D416F1641C7}"
EndProject
Global
	GlobalSection(SolutionConfigurationPlatforms) = preSolution
		Debug|x86 = Debug|x86
		Release|x86 = Release|x86
	EndGlobalSection
	GlobalSection(ProjectConfigurationPlatforms) = postSolution
		{079FB76E-A81A-4905-A3C2-1B2CFD33EA7F}.Debug|x86.ActiveCfg = Debug|Any CPU
		{079FB76E-A81A-4905-A3C2-1B2CFD33EA7F}.Debug|x86.Build.0 = Debug|Any CPU
		{079FB76E-A81A-4905-A3C2-1B2CFD33EA7F}.Release|x86.ActiveCfg = Release|Any CPU
		{079FB76E-A81A-4905-A3C2-1B2CFD33EA7F}.Release|x86.Build.0 = Release|Any CPU
		{14FB05CD-DB30-488B-8B78-2AA21BD35B74}.Debug|x86.ActiveCfg = Debug|Any CPU
		{14FB05CD-DB30-488B-8B78-2AA21BD35B74}.Debug|x86.Build.0 = Debug|Any CPU
		{14FB05CD-DB30-488B-8B78-2AA21BD35B74}.Release|x86.ActiveCfg = Release|Any CPU
		{14FB05CD-DB30-488B-8B78-2AA21BD35B74}.Release|x86.Build.0 = Release|Any CPU
		{6FD7ECF8-BDAA-440B-A05B-099B852D3F39}.Debug|x86.ActiveCfg = Debug|Any CPU
		{6FD7ECF8-BDAA-440B-A05B-099B852D3F39}.Debug|x86.Build.0 = Debug|Any CPU
		{6FD7ECF8-BDAA-440B-A05B-099B852D3F39}.Release|x86.ActiveCfg = Release|Any CPU
		{6FD7ECF8-BDAA-440B-A05B-099B852D3F39}.Release|x86.Build.0 = Release|Any CPU
		{7E2DE52B-9487-4F60-8CA4-32596BAD34F9}.Debug|x86.ActiveCfg = Debug|x86
		{7E2DE52B-9487-4F60-8CA4-32596BAD34F9}.Debug|x86.Build.0 = Debug|x86
		{7E2DE52B-9487-4F60-8CA4-32596BAD34F9}.Release|x86.ActiveCfg = Release|x86
		{7E2DE52B-9487-4F60-8CA4-32596BAD34F9}.Release|x86.Build.0 = Release|x86
		{96DD8AFA-66CD-42E5-B383-631B0F38BBC5}.Debug|x86.ActiveCfg = Debug|Any CPU
		{96DD8AFA-66CD-42E5-B383-631B0F38BBC5}.Debug|x86.Build.0 = Debug|Any CPU
		{96DD8AFA-66CD-42E5-B383-631B0F38BBC5}.Release|x86.ActiveCfg = Release|Any CPU
		{96DD8AFA-66CD-42E5-B383-631B0F38BBC5}.Release|x86.Build.0 = Release|Any CPU
		{04D74AAA-B43B-4B37-AAC5-1D416F1641C7}.Debug|x86.ActiveCfg = Debug|Any CPU
		{04D74AAA-B43B-4B37-AAC5-1D416F1641C7}.Debug|x86.Build.0 = Debug|Any CPU
		{04D74AAA-B43B-4B37-AAC5-1D416F1641C7}.Release|x86.ActiveCfg = Release|Any CPU
		{04D74AAA-B43B-4B37-AAC5-1D416F1641C7}.Release|x86.Build.0 = Release|Any CPU
	EndGlobalSection
EndGlobal
